
Microsoft Visual Studio Solution File, Format Version 12.00
# Visual Studio Version 17
VisualStudioVersion = 17.0.31912.275
MinimumVisualStudioVersion = 10.0.40219.1
Project("{FAE04EC0-301F-11D3-BF4B-00C04F79EFBC}") = "Inlämning-2-EntityFramwork", "Inlämning-2-EntityFramwork\Inlämning-2-EntityFramwork.csproj", "{1A4A695D-0C5D-4684-9362-53D6FCF00911}"
EndProject
Global
	GlobalSection(SolutionConfigurationPlatforms) = preSolution
		Debug|Any CPU = Debug|Any CPU
		Release|Any CPU = Release|Any CPU
	EndGlobalSection
	GlobalSection(ProjectConfigurationPlatforms) = postSolution
		{1A4A695D-0C5D-4684-9362-53D6FCF00911}.Debug|Any CPU.ActiveCfg = Debug|Any CPU
		{1A4A695D-0C5D-4684-9362-53D6FCF00911}.Debug|Any CPU.Build.0 = Debug|Any CPU
		{1A4A695D-0C5D-4684-9362-53D6FCF00911}.Release|Any CPU.ActiveCfg = Release|Any CPU
		{1A4A695D-0C5D-4684-9362-53D6FCF00911}.Release|Any CPU.Build.0 = Release|Any CPU
	EndGlobalSection
	GlobalSection(SolutionProperties) = preSolution
		HideSolutionNode = FALSE
	EndGlobalSection
	GlobalSection(ExtensibilityGlobals) = postSolution
		SolutionGuid = {F9D3B855-548E-4F88-B13E-634DCE250183}
	EndGlobalSection
EndGlobal
